{
  "name": "rebuild",
  "version": "1.0.0",
  "lockfileVersion": 1,
  "requires": true,
  "dependencies": {
    "vidoco_module": {
      "version": "1.0.0",
      "resolved": "https://registry.npmjs.org/vidoco_module/-/vidoco_module-1.0.0.tgz",
      "integrity": "sha512-9WLOcO7K+/FnZHaISXo9123qWe0ZZI+PShEN4aiAb2KjQCgC0Fa4+qBLkte9tUdPnXo3Z1F25ouDyKLipDRM9Q=="
    }
  }
}
